
Microsoft Visual Studio Solution File, Format Version 12.00
# Visual Studio Version 17
VisualStudioVersion = 17.0.31903.59
MinimumVisualStudioVersion = 10.0.40219.1
Project("{2150E333-8FDC-42A3-9474-1A3956D46DE8}") = "src", "src", "{827E0CD3-B72D-47B6-A68D-7590B98EB39B}"
EndProject
Project("{FAE04EC0-301F-11D3-BF4B-00C04F79EFBC}") = "Vault.Core", "src\Vault.Core\Vault.Core.csproj", "{47A245A7-EFCA-48B2-B769-54984402BD53}"
EndProject
Project("{FAE04EC0-301F-11D3-BF4B-00C04F79EFBC}") = "Vault.Cli", "src\Vault.Cli\Vault.Cli.csproj", "{92F1695D-22E5-479D-9A4C-E573FED752EB}"
EndProject
Project("{2150E333-8FDC-42A3-9474-1A3956D46DE8}") = "tests", "tests", "{0AB3BF05-4346-4AA6-1389-037BE0695223}"
EndProject
Project("{FAE04EC0-301F-11D3-BF4B-00C04F79EFBC}") = "Vault.Core.Tests", "tests\Vault.Core.Tests\Vault.Core.Tests.csproj", "{3F4BFAC3-202D-464F-9D87-3AF485A40EC5}"
EndProject
Project("{FAE04EC0-301F-11D3-BF4B-00C04F79EFBC}") = "Vault.Cli.Tests", "tests\Vault.Cli.Tests\Vault.Cli.Tests.csproj", "{78701B17-6BCD-44CB-8632-4D7694F39566}"
EndProject
Global
	GlobalSection(SolutionConfigurationPlatforms) = preSolution
		Debug|Any CPU = Debug|Any CPU
		Debug|x64 = Debug|x64
		Debug|x86 = Debug|x86
		Release|Any CPU = Release|Any CPU
		Release|x64 = Release|x64
		Release|x86 = Release|x86
	EndGlobalSection
	GlobalSection(ProjectConfigurationPlatforms) = postSolution
		{47A245A7-EFCA-48B2-B769-54984402BD53}.Debug|Any CPU.ActiveCfg = Debug|Any CPU
		{47A245A7-EFCA-48B2-B769-54984402BD53}.Debug|Any CPU.Build.0 = Debug|Any CPU
		{47A245A7-EFCA-48B2-B769-54984402BD53}.Debug|x64.ActiveCfg = Debug|Any CPU
		{47A245A7-EFCA-48B2-B769-54984402BD53}.Debug|x64.Build.0 = Debug|Any CPU
		{47A245A7-EFCA-48B2-B769-54984402BD53}.Debug|x86.ActiveCfg = Debug|Any CPU
		{47A245A7-EFCA-48B2-B769-54984402BD53}.Debug|x86.Build.0 = Debug|Any CPU
		{47A245A7-EFCA-48B2-B769-54984402BD53}.Release|Any CPU.ActiveCfg = Release|Any CPU
		{47A245A7-EFCA-48B2-B769-54984402BD53}.Release|Any CPU.Build.0 = Release|Any CPU
		{47A245A7-EFCA-48B2-B769-54984402BD53}.Release|x64.ActiveCfg = Release|Any CPU
		{47A245A7-EFCA-48B2-B769-54984402BD53}.Release|x64.Build.0 = Release|Any CPU
		{47A245A7-EFCA-48B2-B769-54984402BD53}.Release|x86.ActiveCfg = Release|Any CPU
		{47A245A7-EFCA-48B2-B769-54984402BD53}.Release|x86.Build.0 = Release|Any CPU
		{92F1695D-22E5-479D-9A4C-E573FED752EB}.Debug|Any CPU.ActiveCfg = Debug|Any CPU
		{92F1695D-22E5-479D-9A4C-E573FED752EB}.Debug|Any CPU.Build.0 = Debug|Any CPU
		{92F1695D-22E5-479D-9A4C-E573FED752EB}.Debug|x64.ActiveCfg = Debug|Any CPU
		{92F1695D-22E5-479D-9A4C-E573FED752EB}.Debug|x64.Build.0 = Debug|Any CPU
		{92F1695D-22E5-479D-9A4C-E573FED752EB}.Debug|x86.ActiveCfg = Debug|Any CPU
		{92F1695D-22E5-479D-9A4C-E573FED752EB}.Debug|x86.Build.0 = Debug|Any CPU
		{92F1695D-22E5-479D-9A4C-E573FED752EB}.Release|Any CPU.ActiveCfg = Release|Any CPU
		{92F1695D-22E5-479D-9A4C-E573FED752EB}.Release|Any CPU.Build.0 = Release|Any CPU
		{92F1695D-22E5-479D-9A4C-E573FED752EB}.Release|x64.ActiveCfg = Release|Any CPU
		{92F1695D-22E5-479D-9A4C-E573FED752EB}.Release|x64.Build.0 = Release|Any CPU
		{92F1695D-22E5-479D-9A4C-E573FED752EB}.Release|x86.ActiveCfg = Release|Any CPU
		{92F1695D-22E5-479D-9A4C-E573FED752EB}.Release|x86.Build.0 = Release|Any CPU
		{3F4BFAC3-202D-464F-9D87-3AF485A40EC5}.Debug|Any CPU.ActiveCfg = Debug|Any CPU
		{3F4BFAC3-202D-464F-9D87-3AF485A40EC5}.Debug|Any CPU.Build.0 = Debug|Any CPU
		{3F4BFAC3-202D-464F-9D87-3AF485A40EC5}.Debug|x64.ActiveCfg = Debug|Any CPU
		{3F4BFAC3-202D-464F-9D87-3AF485A40EC5}.Debug|x64.Build.0 = Debug|Any CPU
		{3F4BFAC3-202D-464F-9D87-3AF485A40EC5}.Debug|x86.ActiveCfg = Debug|Any CPU
		{3F4BFAC3-202D-464F-9D87-3AF485A40EC5}.Debug|x86.Build.0 = Debug|Any CPU
		{3F4BFAC3-202D-464F-9D87-3AF485A40EC5}.Release|Any CPU.ActiveCfg = Release|Any CPU
		{3F4BFAC3-202D-464F-9D87-3AF485A40EC5}.Release|Any CPU.Build.0 = Release|Any CPU
		{3F4BFAC3-202D-464F-9D87-3AF485A40EC5}.Release|x64.ActiveCfg = Release|Any CPU
		{3F4BFAC3-202D-464F-9D87-3AF485A40EC5}.Release|x64.Build.0 = Release|Any CPU
		{3F4BFAC3-202D-464F-9D87-3AF485A40EC5}.Release|x86.ActiveCfg = Release|Any CPU
		{3F4BFAC3-202D-464F-9D87-3AF485A40EC5}.Release|x86.Build.0 = Release|Any CPU
		{78701B17-6BCD-44CB-8632-4D7694F39566}.Debug|Any CPU.ActiveCfg = Debug|Any CPU
		{78701B17-6BCD-44CB-8632-4D7694F39566}.Debug|Any CPU.Build.0 = Debug|Any CPU
		{78701B17-6BCD-44CB-8632-4D7694F39566}.Debug|x64.ActiveCfg = Debug|Any CPU
		{78701B17-6BCD-44CB-8632-4D7694F39566}.Debug|x64.Build.0 = Debug|Any CPU
		{78701B17-6BCD-44CB-8632-4D7694F39566}.Debug|x86.ActiveCfg = Debug|Any CPU
		{78701B17-6BCD-44CB-8632-4D7694F39566}.Debug|x86.Build.0 = Debug|Any CPU
		{78701B17-6BCD-44CB-8632-4D7694F39566}.Release|Any CPU.ActiveCfg = Release|Any CPU
		{78701B17-6BCD-44CB-8632-4D7694F39566}.Release|Any CPU.Build.0 = Release|Any CPU
		{78701B17-6BCD-44CB-8632-4D7694F39566}.Release|x64.ActiveCfg = Release|Any CPU
		{78701B17-6BCD-44CB-8632-4D7694F39566}.Release|x64.Build.0 = Release|Any CPU
		{78701B17-6BCD-44CB-8632-4D7694F39566}.Release|x86.ActiveCfg = Release|Any CPU
		{78701B17-6BCD-44CB-8632-4D7694F39566}.Release|x86.Build.0 = Release|Any CPU
	EndGlobalSection
	GlobalSection(SolutionProperties) = preSolution
		HideSolutionNode = FALSE
	EndGlobalSection
	GlobalSection(NestedProjects) = preSolution
		{47A245A7-EFCA-48B2-B769-54984402BD53} = {827E0CD3-B72D-47B6-A68D-7590B98EB39B}
		{92F1695D-22E5-479D-9A4C-E573FED752EB} = {827E0CD3-B72D-47B6-A68D-7590B98EB39B}
		{3F4BFAC3-202D-464F-9D87-3AF485A40EC5} = {0AB3BF05-4346-4AA6-1389-037BE0695223}
		{78701B17-6BCD-44CB-8632-4D7694F39566} = {0AB3BF05-4346-4AA6-1389-037BE0695223}
	EndGlobalSection
EndGlobal
